// !$*UTF8*$!
{
	archiveVersion = 1;
	classes = {
	};
	objectVersion = 50;
	objects = {

/* Begin PBXBuildFile section */
		675DEDFA2733C1A50081E192 /* AppDelegate.m in Sources */ = {isa = PBXBuildFile; fileRef = 675DEDF92733C1A50081E192 /* AppDelegate.m */; };
		675DEDFD2733C1A50081E192 /* SceneDelegate.m in Sources */ = {isa = PBXBuildFile; fileRef = 675DEDFC2733C1A50081E192 /* SceneDelegate.m */; };
		675DEE002733C1A50081E192 /* ViewController.m in Sources */ = {isa = PBXBuildFile; fileRef = 675DEDFF2733C1A50081E192 /* ViewController.m */; };
		675DEE032733C1A50081E192 /* Main.storyboard in Resources */ = {isa = PBXBuildFile; fileRef = 675DEE012733C1A50081E192 /* Main.storyboard */; };
		675DEE052733C1A70081E192 /* Assets.xcassets in Resources */ = {isa = PBXBuildFile; fileRef = 675DEE042733C1A70081E192 /* Assets.xcassets */; };
		675DEE082733C1A70081E192 /* LaunchScreen.storyboard in Resources */ = {isa = PBXBuildFile; fileRef = 675DEE062733C1A70081E192 /* LaunchScreen.storyboard */; };
		675DEE0B2733C1A70081E192 /* main.m in Sources */ = {isa = PBXBuildFile; fileRef = 675DEE0A2733C1A70081E192 /* main.m */; };
		67A892412744D814008E424A /* ConfigShell.sh in Resources */ = {isa = PBXBuildFile; fileRef = 67A892402744D814008E424A /* ConfigShell.sh */; };
		67A8924A2744F8DE008E424A /* GlobalConfig_swift.swift in Sources */ = {isa = PBXBuildFile; fileRef = 67A892492744F8DE008E424A /* GlobalConfig_swift.swift */; };
		67A8924D2744F8FF008E424A /* JenkinsConfig_swift.swift in Sources */ = {isa = PBXBuildFile; fileRef = 67A8924C2744F8FF008E424A /* JenkinsConfig_swift.swift */; };
		67A892562744FAC0008E424A /* ConfigShell_swift.sh in Resources */ = {isa = PBXBuildFile; fileRef = 67A892552744FAC0008E424A /* ConfigShell_swift.sh */; };
/* End PBXBuildFile section */

/* Begin PBXFileReference section */
		675DEDF52733C1A50081E192 /* Demo2.app */ = {isa = PBXFileReference; explicitFileType = wrapper.application; includeInIndex = 0; path = Demo2.app; sourceTree = BUILT_PRODUCTS_DIR; };
		675DEDF82733C1A50081E192 /* AppDelegate.h */ = {isa = PBXFileReference; lastKnownFileType = sourcecode.c.h; path = AppDelegate.h; sourceTree = "<group>"; };
		675DEDF92733C1A50081E192 /* AppDelegate.m */ = {isa = PBXFileReference; lastKnownFileType = sourcecode.c.objc; path = AppDelegate.m; sourceTree = "<group>"; };
		675DEDFB2733C1A50081E192 /* SceneDelegate.h */ = {isa = PBXFileReference; lastKnownFileType = sourcecode.c.h; path = SceneDelegate.h; sourceTree = "<group>"; };
		675DEDFC2733C1A50081E192 /* SceneDelegate.m */ = {isa = PBXFileReference; lastKnownFileType = sourcecode.c.objc; path = SceneDelegate.m; sourceTree = "<group>"; };
		675DEDFE2733C1A50081E192 /* ViewController.h */ = {isa = PBXFileReference; lastKnownFileType = sourcecode.c.h; path = ViewController.h; sourceTree = "<group>"; };
		675DEDFF2733C1A50081E192 /* ViewController.m */ = {isa = PBXFileReference; lastKnownFileType = sourcecode.c.objc; path = ViewController.m; sourceTree = "<group>"; };
		675DEE022733C1A50081E192 /* Base */ = {isa = PBXFileReference; lastKnownFileType = file.storyboard; name = Base; path = Base.lproj/Main.storyboard; sourceTree = "<group>"; };
		675DEE042733C1A70081E192 /* Assets.xcassets */ = {isa = PBXFileReference; lastKnownFileType = folder.assetcatalog; path = Assets.xcassets; sourceTree = "<group>"; };
		675DEE072733C1A70081E192 /* Base */ = {isa = PBXFileReference; lastKnownFileType = file.storyboard; name = Base; path = Base.lproj/LaunchScreen.storyboard; sourceTree = "<group>"; };
		675DEE092733C1A70081E192 /* Info.plist */ = {isa = PBXFileReference; lastKnownFileType = text.plist.xml; path = Info.plist; sourceTree = "<group>"; };
		675DEE0A2733C1A70081E192 /* main.m */ = {isa = PBXFileReference; lastKnownFileType = sourcecode.c.objc; path = main.m; sourceTree = "<group>"; };
		67A8923E2744D7D8008E424A /* JenkinsConfig.h */ = {isa = PBXFileReference; lastKnownFileType = sourcecode.c.h; path = JenkinsConfig.h; sourceTree = "<group>"; };
		67A8923F2744D7F5008E424A /* GlobalConfig.h */ = {isa = PBXFileReference; lastKnownFileType = sourcecode.c.h; path = GlobalConfig.h; sourceTree = "<group>"; };
		67A892402744D814008E424A /* ConfigShell.sh */ = {isa = PBXFileReference; lastKnownFileType = text.script.sh; path = ConfigShell.sh; sourceTree = "<group>"; };
		67A892442744F842008E424A /* Demo2-Bridging-Header.h */ = {isa = PBXFileReference; lastKnownFileType = sourcecode.c.h; path = "Demo2-Bridging-Header.h"; sourceTree = "<group>"; };
		67A892492744F8DE008E424A /* GlobalConfig_swift.swift */ = {isa = PBXFileReference; lastKnownFileType = sourcecode.swift; path = GlobalConfig_swift.swift; sourceTree = "<group>"; };
		67A8924C2744F8FF008E424A /* JenkinsConfig_swift.swift */ = {isa = PBXFileReference; lastKnownFileType = sourcecode.swift; path = JenkinsConfig_swift.swift; sourceTree = "<group>"; };
		67A892552744FAC0008E424A /* ConfigShell_swift.sh */ = {isa = PBXFileReference; lastKnownFileType = text.script.sh; path = ConfigShell_swift.sh; sourceTree = "<group>"; };
/* End PBXFileReference section */

/* Begin PBXFrameworksBuildPhase section */
		675DEDF22733C1A50081E192 /* Frameworks */ = {
			isa = PBXFrameworksBuildPhase;
			buildActionMask = 2147483647;
			files = (
			);
			runOnlyForDeploymentPostprocessing = 0;
		};
/* End PBXFrameworksBuildPhase section */

/* Begin PBXGroup section */
		675DEDEC2733C1A50081E192 = {
			isa = PBXGroup;
			children = (
				675DEDF72733C1A50081E192 /* Demo2 */,
				675DEDF62733C1A50081E192 /* Products */,
			);
			sourceTree = "<group>";
		};
		675DEDF62733C1A50081E192 /* Products */ = {
			isa = PBXGroup;
			children = (
				675DEDF52733C1A50081E192 /* Demo2.app */,
			);
			name = Products;
			sourceTree = "<group>";
		};
		675DEDF72733C1A50081E192 /* Demo2 */ = {
			isa = PBXGroup;
			children = (
				67A892492744F8DE008E424A /* GlobalConfig_swift.swift */,
				67A8924C2744F8FF008E424A /* JenkinsConfig_swift.swift */,
				67A892552744FAC0008E424A /* ConfigShell_swift.sh */,
				67A8923F2744D7F5008E424A /* GlobalConfig.h */,
				67A892402744D814008E424A /* ConfigShell.sh */,
				67A8923E2744D7D8008E424A /* JenkinsConfig.h */,
				675DEDF82733C1A50081E192 /* AppDelegate.h */,
				675DEDF92733C1A50081E192 /* AppDelegate.m */,
				675DEDFB2733C1A50081E192 /* SceneDelegate.h */,
				675DEDFC2733C1A50081E192 /* SceneDelegate.m */,
				675DEDFE2733C1A50081E192 /* ViewController.h */,
				675DEDFF2733C1A50081E192 /* ViewController.m */,
				675DEE012733C1A50081E192 /* Main.storyboard */,
				675DEE042733C1A70081E192 /* Assets.xcassets */,
				675DEE062733C1A70081E192 /* LaunchScreen.storyboard */,
				675DEE092733C1A70081E192 /* Info.plist */,
				675DEE0A2733C1A70081E192 /* main.m */,
				67A892442744F842008E424A /* Demo2-Bridging-Header.h */,
			);
			path = Demo2;
			sourceTree = "<group>";
		};
/* End PBXGroup section */

/* Begin PBXNativeTarget section */
		675DEDF42733C1A50081E192 /* Demo2 */ = {
			isa = PBXNativeTarget;
			buildConfigurationList = 675DEE0E2733C1A70081E192 /* Build configuration list for PBXNativeTarget "Demo2" */;
			buildPhases = (
				675DEDF12733C1A50081E192 /* Sources */,
				675DEDF22733C1A50081E192 /* Frameworks */,
				675DEDF32733C1A50081E192 /* Resources */,
			);
			buildRules = (
			);
			dependencies = (
			);
			name = Demo2;
			productName = Demo2;
			productReference = 675DEDF52733C1A50081E192 /* Demo2.app */;
			productType = "com.apple.product-type.application";
		};
/* End PBXNativeTarget section */

/* Begin PBXProject section */
		675DEDED2733C1A50081E192 /* Project object */ = {
			isa = PBXProject;
			attributes = {
				LastUpgradeCheck = 1220;
				TargetAttributes = {
					675DEDF42733C1A50081E192 = {
						CreatedOnToolsVersion = 12.2;
						LastSwiftMigration = 1220;
					};
				};
			};
			buildConfigurationList = 675DEDF02733C1A50081E192 /* Build configuration list for PBXProject "Demo2" */;
			compatibilityVersion = "Xcode 9.3";
			developmentRegion = en;
			hasScannedForEncodings = 0;
			knownRegions = (
				en,
				Base,
			);
			mainGroup = 675DEDEC2733C1A50081E192;
			productRefGroup = 675DEDF62733C1A50081E192 /* Products */;
			projectDirPath = "";
			projectRoot = "";
			targets = (
				675DEDF42733C1A50081E192 /* Demo2 */,
			);
		};
/* End PBXProject section */

/* Begin PBXResourcesBuildPhase section */
		675DEDF32733C1A50081E192 /* Resources */ = {
			isa = PBXResourcesBuildPhase;
			buildActionMask = 2147483647;
			files = (
				675DEE082733C1A70081E192 /* LaunchScreen.storyboard in Resources */,
				67A892412744D814008E424A /* ConfigShell.sh in Resources */,
				675DEE052733C1A70081E192 /* Assets.xcassets in Resources */,
				67A892562744FAC0008E424A /* ConfigShell_swift.sh in Resources */,
				675DEE032733C1A50081E192 /* Main.storyboard in Resources */,
			);
			runOnlyForDeploymentPostprocessing = 0;
		};
/* End PBXResourcesBuildPhase section */

/* Begin PBXSourcesBuildPhase section */
		675DEDF12733C1A50081E192 /* Sources */ = {
			isa = PBXSourcesBuildPhase;
			buildActionMask = 2147483647;
			files = (
				67A8924D2744F8FF008E424A /* JenkinsConfig_swift.swift in Sources */,
				675DEE002733C1A50081E192 /* ViewController.m in Sources */,
				67A8924A2744F8DE008E424A /* GlobalConfig_swift.swift in Sources */,
				675DEDFA2733C1A50081E192 /* AppDelegate.m in Sources */,
				675DEE0B2733C1A70081E192 /* main.m in Sources */,
				675DEDFD2733C1A50081E192 /* SceneDelegate.m in Sources */,
			);
			runOnlyForDeploymentPostprocessing = 0;
		};
/* End PBXSourcesBuildPhase section */

/* Begin PBXVariantGroup section */
		675DEE012733C1A50081E192 /* Main.storyboard */ = {
			isa = PBXVariantGroup;
			children = (
				675DEE022733C1A50081E192 /* Base */,
			);
			name = Main.storyboard;
			sourceTree = "<group>";
		};
		675DEE062733C1A70081E192 /* LaunchScreen.storyboard */ = {
			isa = PBXVariantGroup;
			children = (
				675DEE072733C1A70081E192 /* Base */,
			);
			name = LaunchScreen.storyboard;
			sourceTree = "<group>";
		};
/* End PBXVariantGroup section */

/* Begin XCBuildConfiguration section */
		675DEE0C2733C1A70081E192 /* Debug */ = {
			isa = XCBuildConfiguration;
			buildSettings = {
				ALWAYS_SEARCH_USER_PATHS = NO;
				CLANG_ANALYZER_NONNULL = YES;
				CLANG_ANALYZER_NUMBER_OBJECT_CONVERSION = YES_AGGRESSIVE;
				CLANG_CXX_LANGUAGE_STANDARD = "gnu++14";
				CLANG_CXX_LIBRARY = "libc++";
				CLANG_ENABLE_MODULES = YES;
				CLANG_ENABLE_OBJC_ARC = YES;
				CLANG_ENABLE_OBJC_WEAK = YES;
				CLANG_WARN_BLOCK_CAPTURE_AUTORELEASING = YES;
				CLANG_WARN_BOOL_CONVERSION = YES;
				CLANG_WARN_COMMA = YES;
				CLANG_WARN_CONSTANT_CONVERSION = YES;
				CLANG_WARN_DEPRECATED_OBJC_IMPLEMENTATIONS = YES;
				CLANG_WARN_DIRECT_OBJC_ISA_USAGE = YES_ERROR;
				CLANG_WARN_DOCUMENTATION_COMMENTS = YES;
				CLANG_WARN_EMPTY_BODY = YES;
				CLANG_WARN_ENUM_CONVERSION = YES;
				CLANG_WARN_INFINITE_RECURSION = YES;
				CLANG_WARN_INT_CONVERSION = YES;
				CLANG_WARN_NON_LITERAL_NULL_CONVERSION = YES;
				CLANG_WARN_OBJC_IMPLICIT_RETAIN_SELF = YES;
				CLANG_WARN_OBJC_LITERAL_CONVERSION = YES;
				CLANG_WARN_OBJC_ROOT_CLASS = YES_ERROR;
				CLANG_WARN_QUOTED_INCLUDE_IN_FRAMEWORK_HEADER = YES;
				CLANG_WARN_RANGE_LOOP_ANALYSIS = YES;
				CLANG_WARN_STRICT_PROTOTYPES = YES;
				CLANG_WARN_SUSPICIOUS_MOVE = YES;
				CLANG_WARN_UNGUARDED_AVAILABILITY = YES_AGGRESSIVE;
				CLANG_WARN_UNREACHABLE_CODE = YES;
				CLANG_WARN__DUPLICATE_METHOD_MATCH = YES;
				COPY_PHASE_STRIP = NO;
				DEBUG_INFORMATION_FORMAT = dwarf;
				ENABLE_STRICT_OBJC_MSGSEND = YES;
				ENABLE_TESTABILITY = YES;
				GCC_C_LANGUAGE_STANDARD = gnu11;
				GCC_DYNAMIC_NO_PIC = NO;
				GCC_NO_COMMON_BLOCKS = YES;
				GCC_OPTIMIZATION_LEVEL = 0;
				GCC_PREPROCESSOR_DEFINITIONS = (
					"DEBUG=1",
					"$(inherited)",
				);
				GCC_WARN_64_TO_32_BIT_CONVERSION = YES;
				GCC_WARN_ABOUT_RETURN_TYPE = YES_ERROR;
				GCC_WARN_UNDECLARED_SELECTOR = YES;
				GCC_WARN_UNINITIALIZED_AUTOS = YES_AGGRESSIVE;
				GCC_WARN_UNUSED_FUNCTION = YES;
				GCC_WARN_UNUSED_VARIABLE = YES;
				IPHONEOS_DEPLOYMENT_TARGET = 14.2;
				MTL_ENABLE_DEBUG_INFO = INCLUDE_SOURCE;
				MTL_FAST_MATH = YES;
				ONLY_ACTIVE_ARCH = YES;
				SDKROOT = iphoneos;
			};
			name = Debug;
		};
		675DEE0D2733C1A70081E192 /* Release */ = {
			isa = XCBuildConfiguration;
			buildSettings = {
				ALWAYS_SEARCH_USER_PATHS = NO;
				CLANG_ANALYZER_NONNULL = YES;
				CLANG_ANALYZER_NUMBER_OBJECT_CONVERSION = YES_AGGRESSIVE;
				CLANG_CXX_LANGUAGE_STANDARD = "gnu++14";
				CLANG_CXX_LIBRARY = "libc++";
				CLANG_ENABLE_MODULES = YES;
				CLANG_ENABLE_OBJC_ARC = YES;
				CLANG_ENABLE_OBJC_WEAK = YES;
				CLANG_WARN_BLOCK_CAPTURE_AUTORELEASING = YES;
				CLANG_WARN_BOOL_CONVERSION = YES;
				CLANG_WARN_COMMA = YES;
				CLANG_WARN_CONSTANT_CONVERSION = YES;
				CLANG_WARN_DEPRECATED_OBJC_IMPLEMENTATIONS = YES;
				CLANG_WARN_DIRECT_OBJC_ISA_USAGE = YES_ERROR;
				CLANG_WARN_DOCUMENTATION_COMMENTS = YES;
				CLANG_WARN_EMPTY_BODY = YES;
				CLANG_WARN_ENUM_CONVERSION = YES;
				CLANG_WARN_INFINITE_RECURSION = YES;
				CLANG_WARN_INT_CONVERSION = YES;
				CLANG_WARN_NON_LITERAL_NULL_CONVERSION = YES;
				CLANG_WARN_OBJC_IMPLICIT_RETAIN_SELF = YES;
				CLANG_WARN_OBJC_LITERAL_CONVERSION = YES;
				CLANG_WARN_OBJC_ROOT_CLASS = YES_ERROR;
				CLANG_WARN_QUOTED_INCLUDE_IN_FRAMEWORK_HEADER = YES;
				CLANG_WARN_RANGE_LOOP_ANALYSIS = YES;
				CLANG_WARN_STRICT_PROTOTYPES = YES;
				CLANG_WARN_SUSPICIOUS_MOVE = YES;
				CLANG_WARN_UNGUARDED_AVAILABILITY = YES_AGGRESSIVE;
				CLANG_WARN_UNREACHABLE_CODE = YES;
				CLANG_WARN__DUPLICATE_METHOD_MATCH = YES;
				COPY_PHASE_STRIP = NO;
				DEBUG_INFORMATION_FORMAT = "dwarf-with-dsym";
				ENABLE_NS_ASSERTIONS = NO;
				ENABLE_STRICT_OBJC_MSGSEND = YES;
				GCC_C_LANGUAGE_STANDARD = gnu11;
				GCC_NO_COMMON_BLOCKS = YES;
				GCC_WARN_64_TO_32_BIT_CONVERSION = YES;
				GCC_WARN_ABOUT_RETURN_TYPE = YES_ERROR;
				GCC_WARN_UNDECLARED_SELECTOR = YES;
				GCC_WARN_UNINITIALIZED_AUTOS = YES_AGGRESSIVE;
				GCC_WARN_UNUSED_FUNCTION = YES;
				GCC_WARN_UNUSED_VARIABLE = YES;
				IPHONEOS_DEPLOYMENT_TARGET = 14.2;
				MTL_ENABLE_DEBUG_INFO = NO;
				MTL_FAST_MATH = YES;
				SDKROOT = iphoneos;
				VALIDATE_PRODUCT = YES;
			};
			name = Release;
		};
		675DEE0F2733C1A70081E192 /* Debug */ = {
			isa = XCBuildConfiguration;
			buildSettings = {
				ASSETCATALOG_COMPILER_APPICON_NAME = AppIcon;
				ASSETCATALOG_COMPILER_GLOBAL_ACCENT_COLOR_NAME = AccentColor;
				CLANG_ENABLE_MODULES = YES;
				CODE_SIGN_STYLE = Automatic;
				DEVELOPMENT_TEAM = U3T3KTF4KR;
				INFOPLIST_FILE = Demo2/Info.plist;
				LD_RUNPATH_SEARCH_PATHS = (
					"$(inherited)",
					"@executable_path/Frameworks",
				);
				PRODUCT_BUNDLE_IDENTIFIER = ee.Demo2;
				PRODUCT_NAME = "$(TARGET_NAME)";
				SWIFT_OBJC_BRIDGING_HEADER = "Demo2/Demo2-Bridging-Header.h";
				SWIFT_OPTIMIZATION_LEVEL = "-Onone";
				SWIFT_VERSION = 5.0;
				TARGETED_DEVICE_FAMILY = "1,2";
			};
			name = Debug;
		};
		675DEE102733C1A70081E192 /* Release */ = {
			isa = XCBuildConfiguration;
			buildSettings = {
				ASSETCATALOG_COMPILER_APPICON_NAME = AppIcon;
				ASSETCATALOG_COMPILER_GLOBAL_ACCENT_COLOR_NAME = AccentColor;
				CLANG_ENABLE_MODULES = YES;
				CODE_SIGN_STYLE = Automatic;
				DEVELOPMENT_TEAM = UP6VLBTP22;
				INFOPLIST_FILE = Demo2/Info.plist;
				LD_RUNPATH_SEARCH_PATHS = (
					"$(inherited)",
					"@executable_path/Frameworks",
				);
				PRODUCT_BUNDLE_IDENTIFIER = ee.Demo2;
				PRODUCT_NAME = "$(TARGET_NAME)";
				SWIFT_OBJC_BRIDGING_HEADER = "Demo2/Demo2-Bridging-Header.h";
				SWIFT_VERSION = 5.0;
				TARGETED_DEVICE_FAMILY = "1,2";
			};
			name = Release;
		};
/* End XCBuildConfiguration section */

/* Begin XCConfigurationList section */
		675DEDF02733C1A50081E192 /* Build configuration list for PBXProject "Demo2" */ = {
			isa = XCConfigurationList;
			buildConfigurations = (
				675DEE0C2733C1A70081E192 /* Debug */,
				675DEE0D2733C1A70081E192 /* Release */,
			);
			defaultConfigurationIsVisible = 0;
			defaultConfigurationName = Release;
		};
		675DEE0E2733C1A70081E192 /* Build configuration list for PBXNativeTarget "Demo2" */ = {
			isa = XCConfigurationList;
			buildConfigurations = (
				675DEE0F2733C1A70081E192 /* Debug */,
				675DEE102733C1A70081E192 /* Release */,
			);
			defaultConfigurationIsVisible = 0;
			defaultConfigurationName = Release;
		};
/* End XCConfigurationList section */
	};
	rootObject = 675DEDED2733C1A50081E192 /* Project object */;
}
